
Microsoft Visual Studio Solution File, Format Version 12.00
# Visual Studio Version 17
VisualStudioVersion = 17.5.002.0
MinimumVisualStudioVersion = 10.0.40219.1
Project("{9A19103F-16F7-4668-BE54-9A1E7A4F7556}") = "Task_1", "Task_1\Task_1.csproj", "{5FD32DDB-0B18-4350-AD8D-3B0B030D196E}"
EndProject
Global
	GlobalSection(SolutionConfigurationPlatforms) = preSolution
		Debug|Any CPU = Debug|Any CPU
		Release|Any CPU = Release|Any CPU
	EndGlobalSection
	GlobalSection(ProjectConfigurationPlatforms) = postSolution
		{5FD32DDB-0B18-4350-AD8D-3B0B030D196E}.Debug|Any CPU.ActiveCfg = Debug|Any CPU
		{5FD32DDB-0B18-4350-AD8D-3B0B030D196E}.Debug|Any CPU.Build.0 = Debug|Any CPU
		{5FD32DDB-0B18-4350-AD8D-3B0B030D196E}.Release|Any CPU.ActiveCfg = Release|Any CPU
		{5FD32DDB-0B18-4350-AD8D-3B0B030D196E}.Release|Any CPU.Build.0 = Release|Any CPU
	EndGlobalSection
	GlobalSection(SolutionProperties) = preSolution
		HideSolutionNode = FALSE
	EndGlobalSection
	GlobalSection(ExtensibilityGlobals) = postSolution
		SolutionGuid = {B27C63B2-7AB1-4562-9D73-D30C70240F63}
	EndGlobalSection
EndGlobal
